
Microsoft Visual Studio Solution File, Format Version 12.00
# Visual Studio Version 16
VisualStudioVersion = 16.0.31624.102
MinimumVisualStudioVersion = 10.0.40219.1
Project("{FAE04EC0-301F-11D3-BF4B-00C04F79EFBC}") = "EntityLibary", "EntityLibary\EntityLibary.csproj", "{587083A6-D64D-463B-9E6B-FCE478F4A2B3}"
EndProject
Project("{FAE04EC0-301F-11D3-BF4B-00C04F79EFBC}") = "RecordsRESTService", "RecordsRESTService\RecordsRESTService.csproj", "{32F3790A-F00E-4787-AF7F-8AEEC1EBC899}"
EndProject
Project("{FAE04EC0-301F-11D3-BF4B-00C04F79EFBC}") = "UnitTestRecord", "UnitTestRecord\UnitTestRecord.csproj", "{34B72D95-1607-4FE8-A6C4-FB521B51A66A}"
EndProject
Global
	GlobalSection(SolutionConfigurationPlatforms) = preSolution
		Debug|Any CPU = Debug|Any CPU
		Release|Any CPU = Release|Any CPU
	EndGlobalSection
	GlobalSection(ProjectConfigurationPlatforms) = postSolution
		{587083A6-D64D-463B-9E6B-FCE478F4A2B3}.Debug|Any CPU.ActiveCfg = Debug|Any CPU
		{587083A6-D64D-463B-9E6B-FCE478F4A2B3}.Debug|Any CPU.Build.0 = Debug|Any CPU
		{587083A6-D64D-463B-9E6B-FCE478F4A2B3}.Release|Any CPU.ActiveCfg = Release|Any CPU
		{587083A6-D64D-463B-9E6B-FCE478F4A2B3}.Release|Any CPU.Build.0 = Release|Any CPU
		{32F3790A-F00E-4787-AF7F-8AEEC1EBC899}.Debug|Any CPU.ActiveCfg = Debug|Any CPU
		{32F3790A-F00E-4787-AF7F-8AEEC1EBC899}.Debug|Any CPU.Build.0 = Debug|Any CPU
		{32F3790A-F00E-4787-AF7F-8AEEC1EBC899}.Release|Any CPU.ActiveCfg = Release|Any CPU
		{32F3790A-F00E-4787-AF7F-8AEEC1EBC899}.Release|Any CPU.Build.0 = Release|Any CPU
		{34B72D95-1607-4FE8-A6C4-FB521B51A66A}.Debug|Any CPU.ActiveCfg = Debug|Any CPU
		{34B72D95-1607-4FE8-A6C4-FB521B51A66A}.Debug|Any CPU.Build.0 = Debug|Any CPU
		{34B72D95-1607-4FE8-A6C4-FB521B51A66A}.Release|Any CPU.ActiveCfg = Release|Any CPU
		{34B72D95-1607-4FE8-A6C4-FB521B51A66A}.Release|Any CPU.Build.0 = Release|Any CPU
	EndGlobalSection
	GlobalSection(SolutionProperties) = preSolution
		HideSolutionNode = FALSE
	EndGlobalSection
	GlobalSection(ExtensibilityGlobals) = postSolution
		SolutionGuid = {2CFB073C-1FB1-4647-98DA-90FB424D3B63}
	EndGlobalSection
EndGlobal
